
Microsoft Visual Studio Solution File, Format Version 12.00
# Visual Studio 15
VisualStudioVersion = 15.0.28307.489
MinimumVisualStudioVersion = 10.0.40219.1
Project("{FAE04EC0-301F-11D3-BF4B-00C04F79EFBC}") = "Blog", "Blog\Blog.csproj", "{5456E344-7904-4A9D-8C98-A7E8B64BC691}"
EndProject
Global
	GlobalSection(SolutionConfigurationPlatforms) = preSolution
		Debug|Any CPU = Debug|Any CPU
		Release|Any CPU = Release|Any CPU
	EndGlobalSection
	GlobalSection(ProjectConfigurationPlatforms) = postSolution
		{5456E344-7904-4A9D-8C98-A7E8B64BC691}.Debug|Any CPU.ActiveCfg = Debug|Any CPU
		{5456E344-7904-4A9D-8C98-A7E8B64BC691}.Debug|Any CPU.Build.0 = Debug|Any CPU
		{5456E344-7904-4A9D-8C98-A7E8B64BC691}.Release|Any CPU.ActiveCfg = Release|Any CPU
		{5456E344-7904-4A9D-8C98-A7E8B64BC691}.Release|Any CPU.Build.0 = Release|Any CPU
	EndGlobalSection
	GlobalSection(SolutionProperties) = preSolution
		HideSolutionNode = FALSE
	EndGlobalSection
	GlobalSection(ExtensibilityGlobals) = postSolution
		SolutionGuid = {D3FA684D-5723-4C72-864B-F201975BBA81}
	EndGlobalSection
EndGlobal
