
Microsoft Visual Studio Solution File, Format Version 12.00
# Visual Studio 15
VisualStudioVersion = 15.0.28307.421
MinimumVisualStudioVersion = 10.0.40219.1
Project("{FAE04EC0-301F-11D3-BF4B-00C04F79EFBC}") = "EF_DbFirst_2", "EF_DbFirst_2\EF_DbFirst_2.csproj", "{CF8CAA3C-46B8-4638-9D5C-62888F29BCA8}"
EndProject
Global
	GlobalSection(SolutionConfigurationPlatforms) = preSolution
		Debug|Any CPU = Debug|Any CPU
		Release|Any CPU = Release|Any CPU
	EndGlobalSection
	GlobalSection(ProjectConfigurationPlatforms) = postSolution
		{CF8CAA3C-46B8-4638-9D5C-62888F29BCA8}.Debug|Any CPU.ActiveCfg = Debug|Any CPU
		{CF8CAA3C-46B8-4638-9D5C-62888F29BCA8}.Debug|Any CPU.Build.0 = Debug|Any CPU
		{CF8CAA3C-46B8-4638-9D5C-62888F29BCA8}.Release|Any CPU.ActiveCfg = Release|Any CPU
		{CF8CAA3C-46B8-4638-9D5C-62888F29BCA8}.Release|Any CPU.Build.0 = Release|Any CPU
	EndGlobalSection
	GlobalSection(SolutionProperties) = preSolution
		HideSolutionNode = FALSE
	EndGlobalSection
	GlobalSection(ExtensibilityGlobals) = postSolution
		SolutionGuid = {DAD997D9-E62E-479C-8AAF-5E7C9CDE06B7}
	EndGlobalSection
EndGlobal
