
Microsoft Visual Studio Solution File, Format Version 12.00
# Visual Studio 15
VisualStudioVersion = 15.0.28307.421
MinimumVisualStudioVersion = 10.0.40219.1
Project("{FAE04EC0-301F-11D3-BF4B-00C04F79EFBC}") = "EF_DBfirst_2", "EF_DBfirst_2\EF_DBfirst_2.csproj", "{6F946E77-96F2-4D78-BBD5-A34A5D14F8C7}"
EndProject
Global
	GlobalSection(SolutionConfigurationPlatforms) = preSolution
		Debug|Any CPU = Debug|Any CPU
		Release|Any CPU = Release|Any CPU
	EndGlobalSection
	GlobalSection(ProjectConfigurationPlatforms) = postSolution
		{6F946E77-96F2-4D78-BBD5-A34A5D14F8C7}.Debug|Any CPU.ActiveCfg = Debug|Any CPU
		{6F946E77-96F2-4D78-BBD5-A34A5D14F8C7}.Debug|Any CPU.Build.0 = Debug|Any CPU
		{6F946E77-96F2-4D78-BBD5-A34A5D14F8C7}.Release|Any CPU.ActiveCfg = Release|Any CPU
		{6F946E77-96F2-4D78-BBD5-A34A5D14F8C7}.Release|Any CPU.Build.0 = Release|Any CPU
	EndGlobalSection
	GlobalSection(SolutionProperties) = preSolution
		HideSolutionNode = FALSE
	EndGlobalSection
	GlobalSection(ExtensibilityGlobals) = postSolution
		SolutionGuid = {C94D7D53-0D79-42D1-9A94-96144AA127F7}
	EndGlobalSection
EndGlobal
