
Microsoft Visual Studio Solution File, Format Version 12.00
# Visual Studio 14
VisualStudioVersion = 14.0.25123.0
MinimumVisualStudioVersion = 10.0.40219.1
Project("{FAE04EC0-301F-11D3-BF4B-00C04F79EFBC}") = "MVC-DB-Listeleme", "MVC-DB-Listeleme\MVC-DB-Listeleme.csproj", "{AD803B2B-7529-49C8-8D95-84AC50BE7345}"
EndProject
Global
	GlobalSection(SolutionConfigurationPlatforms) = preSolution
		Debug|Any CPU = Debug|Any CPU
		Release|Any CPU = Release|Any CPU
	EndGlobalSection
	GlobalSection(ProjectConfigurationPlatforms) = postSolution
		{AD803B2B-7529-49C8-8D95-84AC50BE7345}.Debug|Any CPU.ActiveCfg = Debug|Any CPU
		{AD803B2B-7529-49C8-8D95-84AC50BE7345}.Debug|Any CPU.Build.0 = Debug|Any CPU
		{AD803B2B-7529-49C8-8D95-84AC50BE7345}.Release|Any CPU.ActiveCfg = Release|Any CPU
		{AD803B2B-7529-49C8-8D95-84AC50BE7345}.Release|Any CPU.Build.0 = Release|Any CPU
	EndGlobalSection
	GlobalSection(SolutionProperties) = preSolution
		HideSolutionNode = FALSE
	EndGlobalSection
EndGlobal
